<?xml version="1.0" encoding="utf-8"?>
<Project ToolsVersion="17.0" xmlns="http://schemas.microsoft.com/developer/msbuild/2003">
  <ItemGroup>
    <CustomBuild Include="C:\Users\hmbja\git\Rpi-Pico-Hello-World\baremetal\led-blink\CMakeFiles\1f40e234513dd687d438a2567511b827\bs2_default.bin.rule">
      <Filter>CMake Rules</Filter>
    </CustomBuild>
    <CustomBuild Include="C:\Users\hmbja\git\Rpi-Pico-Hello-World\baremetal\led-blink\CMakeFiles\1c5e498bbbff8d3622b125f6117bef49\bs2_default_bin.rule">
      <Filter>CMake Rules</Filter>
    </CustomBuild>
    <CustomBuild Include="C:\Users\hmbja\git\pico\pico-sdk\src\rp2_common\boot_stage2\CMakeLists.txt" />
  </ItemGroup>
  <ItemGroup>
    <None Include="C:\Users\hmbja\git\Rpi-Pico-Hello-World\baremetal\led-blink\pico-sdk\src\rp2_common\boot_stage2\CMakeFiles\bs2_default_bin" />
  </ItemGroup>
  <ItemGroup>
    <Filter Include="CMake Rules">
      <UniqueIdentifier>{491E5418-811D-3C36-A5A5-F16C5954044D}</UniqueIdentifier>
    </Filter>
  </ItemGroup>
</Project>
