
Microsoft Visual Studio Solution File, Format Version 12.00
# Visual Studio Version 17
Project("{8BC9CEB8-8B4A-11D0-8D11-00A0C91BC942}") = "ALL_BUILD", "ALL_BUILD.vcxproj", "{0C0E2443-5C9B-3650-A4EA-55FCEC138E61}"
	ProjectSection(ProjectDependencies) = postProject
		{687601BC-AD34-37CC-B3E3-A88CB0E82C37} = {687601BC-AD34-37CC-B3E3-A88CB0E82C37}
		{11446711-A530-340E-9F6E-7DE4AF5D6638} = {11446711-A530-340E-9F6E-7DE4AF5D6638}
		{6F85A04E-AFEB-3625-A14A-287F0534E805} = {6F85A04E-AFEB-3625-A14A-287F0534E805}
		{61F43FE6-9FEC-3134-BF70-B818BFEE192C} = {61F43FE6-9FEC-3134-BF70-B818BFEE192C}
		{5C9BBDBD-39D9-329D-B9EB-CB5A879999B5} = {5C9BBDBD-39D9-329D-B9EB-CB5A879999B5}
	EndProjectSection
EndProject
Project("{8BC9CEB8-8B4A-11D0-8D11-00A0C91BC942}") = "ELF2UF2Build", "ELF2UF2Build.vcxproj", "{687601BC-AD34-37CC-B3E3-A88CB0E82C37}"
	ProjectSection(ProjectDependencies) = postProject
		{6F85A04E-AFEB-3625-A14A-287F0534E805} = {6F85A04E-AFEB-3625-A14A-287F0534E805}
	EndProjectSection
EndProject
Project("{8BC9CEB8-8B4A-11D0-8D11-00A0C91BC942}") = "PioasmBuild", "pico-sdk\src\rp2_common\pico_cyw43_driver\PioasmBuild.vcxproj", "{11446711-A530-340E-9F6E-7DE4AF5D6638}"
	ProjectSection(ProjectDependencies) = postProject
		{6F85A04E-AFEB-3625-A14A-287F0534E805} = {6F85A04E-AFEB-3625-A14A-287F0534E805}
	EndProjectSection
EndProject
Project("{8BC9CEB8-8B4A-11D0-8D11-00A0C91BC942}") = "ZERO_CHECK", "ZERO_CHECK.vcxproj", "{6F85A04E-AFEB-3625-A14A-287F0534E805}"
	ProjectSection(ProjectDependencies) = postProject
	EndProjectSection
EndProject
Project("{8BC9CEB8-8B4A-11D0-8D11-00A0C91BC942}") = "bs2_default", "pico-sdk\src\rp2_common\boot_stage2\bs2_default.vcxproj", "{61F43FE6-9FEC-3134-BF70-B818BFEE192C}"
	ProjectSection(ProjectDependencies) = postProject
		{6F85A04E-AFEB-3625-A14A-287F0534E805} = {6F85A04E-AFEB-3625-A14A-287F0534E805}
	EndProjectSection
EndProject
Project("{8BC9CEB8-8B4A-11D0-8D11-00A0C91BC942}") = "bs2_default_bin", "pico-sdk\src\rp2_common\boot_stage2\bs2_default_bin.vcxproj", "{9F6501C6-61AC-3C4F-A13B-BF37E1D1DFAA}"
	ProjectSection(ProjectDependencies) = postProject
		{6F85A04E-AFEB-3625-A14A-287F0534E805} = {6F85A04E-AFEB-3625-A14A-287F0534E805}
		{61F43FE6-9FEC-3134-BF70-B818BFEE192C} = {61F43FE6-9FEC-3134-BF70-B818BFEE192C}
	EndProjectSection
EndProject
Project("{8BC9CEB8-8B4A-11D0-8D11-00A0C91BC942}") = "bs2_default_padded_checksummed_asm", "pico-sdk\src\rp2_common\boot_stage2\bs2_default_padded_checksummed_asm.vcxproj", "{7F1C8AA7-A2C4-323F-8AAD-2CF67AC32F12}"
	ProjectSection(ProjectDependencies) = postProject
		{6F85A04E-AFEB-3625-A14A-287F0534E805} = {6F85A04E-AFEB-3625-A14A-287F0534E805}
		{61F43FE6-9FEC-3134-BF70-B818BFEE192C} = {61F43FE6-9FEC-3134-BF70-B818BFEE192C}
	EndProjectSection
EndProject
Project("{8BC9CEB8-8B4A-11D0-8D11-00A0C91BC942}") = "cyw43_driver_picow_cyw43_bus_pio_spi_pio_h", "pico-sdk\src\rp2_common\pico_cyw43_driver\cyw43_driver_picow_cyw43_bus_pio_spi_pio_h.vcxproj", "{AB259660-0442-31C9-B1BD-366D03CFABE7}"
	ProjectSection(ProjectDependencies) = postProject
		{11446711-A530-340E-9F6E-7DE4AF5D6638} = {11446711-A530-340E-9F6E-7DE4AF5D6638}
		{6F85A04E-AFEB-3625-A14A-287F0534E805} = {6F85A04E-AFEB-3625-A14A-287F0534E805}
	EndProjectSection
EndProject
Project("{8BC9CEB8-8B4A-11D0-8D11-00A0C91BC942}") = "do_nothing", "do_nothing.vcxproj", "{5C9BBDBD-39D9-329D-B9EB-CB5A879999B5}"
	ProjectSection(ProjectDependencies) = postProject
		{687601BC-AD34-37CC-B3E3-A88CB0E82C37} = {687601BC-AD34-37CC-B3E3-A88CB0E82C37}
		{6F85A04E-AFEB-3625-A14A-287F0534E805} = {6F85A04E-AFEB-3625-A14A-287F0534E805}
		{7F1C8AA7-A2C4-323F-8AAD-2CF67AC32F12} = {7F1C8AA7-A2C4-323F-8AAD-2CF67AC32F12}
	EndProjectSection
EndProject
Global
	GlobalSection(SolutionConfigurationPlatforms) = preSolution
		Debug|x64 = Debug|x64
		Release|x64 = Release|x64
		MinSizeRel|x64 = MinSizeRel|x64
		RelWithDebInfo|x64 = RelWithDebInfo|x64
	EndGlobalSection
	GlobalSection(ProjectConfigurationPlatforms) = postSolution
		{0C0E2443-5C9B-3650-A4EA-55FCEC138E61}.Debug|x64.ActiveCfg = Debug|x64
		{0C0E2443-5C9B-3650-A4EA-55FCEC138E61}.Release|x64.ActiveCfg = Release|x64
		{0C0E2443-5C9B-3650-A4EA-55FCEC138E61}.MinSizeRel|x64.ActiveCfg = MinSizeRel|x64
		{0C0E2443-5C9B-3650-A4EA-55FCEC138E61}.RelWithDebInfo|x64.ActiveCfg = RelWithDebInfo|x64
		{687601BC-AD34-37CC-B3E3-A88CB0E82C37}.Debug|x64.ActiveCfg = Debug|x64
		{687601BC-AD34-37CC-B3E3-A88CB0E82C37}.Debug|x64.Build.0 = Debug|x64
		{687601BC-AD34-37CC-B3E3-A88CB0E82C37}.Release|x64.ActiveCfg = Release|x64
		{687601BC-AD34-37CC-B3E3-A88CB0E82C37}.Release|x64.Build.0 = Release|x64
		{687601BC-AD34-37CC-B3E3-A88CB0E82C37}.MinSizeRel|x64.ActiveCfg = MinSizeRel|x64
		{687601BC-AD34-37CC-B3E3-A88CB0E82C37}.MinSizeRel|x64.Build.0 = MinSizeRel|x64
		{687601BC-AD34-37CC-B3E3-A88CB0E82C37}.RelWithDebInfo|x64.ActiveCfg = RelWithDebInfo|x64
		{687601BC-AD34-37CC-B3E3-A88CB0E82C37}.RelWithDebInfo|x64.Build.0 = RelWithDebInfo|x64
		{11446711-A530-340E-9F6E-7DE4AF5D6638}.Debug|x64.ActiveCfg = Debug|x64
		{11446711-A530-340E-9F6E-7DE4AF5D6638}.Debug|x64.Build.0 = Debug|x64
		{11446711-A530-340E-9F6E-7DE4AF5D6638}.Release|x64.ActiveCfg = Release|x64
		{11446711-A530-340E-9F6E-7DE4AF5D6638}.Release|x64.Build.0 = Release|x64
		{11446711-A530-340E-9F6E-7DE4AF5D6638}.MinSizeRel|x64.ActiveCfg = MinSizeRel|x64
		{11446711-A530-340E-9F6E-7DE4AF5D6638}.MinSizeRel|x64.Build.0 = MinSizeRel|x64
		{11446711-A530-340E-9F6E-7DE4AF5D6638}.RelWithDebInfo|x64.ActiveCfg = RelWithDebInfo|x64
		{11446711-A530-340E-9F6E-7DE4AF5D6638}.RelWithDebInfo|x64.Build.0 = RelWithDebInfo|x64
		{6F85A04E-AFEB-3625-A14A-287F0534E805}.Debug|x64.ActiveCfg = Debug|x64
		{6F85A04E-AFEB-3625-A14A-287F0534E805}.Debug|x64.Build.0 = Debug|x64
		{6F85A04E-AFEB-3625-A14A-287F0534E805}.Release|x64.ActiveCfg = Release|x64
		{6F85A04E-AFEB-3625-A14A-287F0534E805}.Release|x64.Build.0 = Release|x64
		{6F85A04E-AFEB-3625-A14A-287F0534E805}.MinSizeRel|x64.ActiveCfg = MinSizeRel|x64
		{6F85A04E-AFEB-3625-A14A-287F0534E805}.MinSizeRel|x64.Build.0 = MinSizeRel|x64
		{6F85A04E-AFEB-3625-A14A-287F0534E805}.RelWithDebInfo|x64.ActiveCfg = RelWithDebInfo|x64
		{6F85A04E-AFEB-3625-A14A-287F0534E805}.RelWithDebInfo|x64.Build.0 = RelWithDebInfo|x64
		{61F43FE6-9FEC-3134-BF70-B818BFEE192C}.Debug|x64.ActiveCfg = Debug|x64
		{61F43FE6-9FEC-3134-BF70-B818BFEE192C}.Debug|x64.Build.0 = Debug|x64
		{61F43FE6-9FEC-3134-BF70-B818BFEE192C}.Release|x64.ActiveCfg = Release|x64
		{61F43FE6-9FEC-3134-BF70-B818BFEE192C}.Release|x64.Build.0 = Release|x64
		{61F43FE6-9FEC-3134-BF70-B818BFEE192C}.MinSizeRel|x64.ActiveCfg = MinSizeRel|x64
		{61F43FE6-9FEC-3134-BF70-B818BFEE192C}.MinSizeRel|x64.Build.0 = MinSizeRel|x64
		{61F43FE6-9FEC-3134-BF70-B818BFEE192C}.RelWithDebInfo|x64.ActiveCfg = RelWithDebInfo|x64
		{61F43FE6-9FEC-3134-BF70-B818BFEE192C}.RelWithDebInfo|x64.Build.0 = RelWithDebInfo|x64
		{9F6501C6-61AC-3C4F-A13B-BF37E1D1DFAA}.Debug|x64.ActiveCfg = Debug|x64
		{9F6501C6-61AC-3C4F-A13B-BF37E1D1DFAA}.Release|x64.ActiveCfg = Release|x64
		{9F6501C6-61AC-3C4F-A13B-BF37E1D1DFAA}.MinSizeRel|x64.ActiveCfg = MinSizeRel|x64
		{9F6501C6-61AC-3C4F-A13B-BF37E1D1DFAA}.RelWithDebInfo|x64.ActiveCfg = RelWithDebInfo|x64
		{7F1C8AA7-A2C4-323F-8AAD-2CF67AC32F12}.Debug|x64.ActiveCfg = Debug|x64
		{7F1C8AA7-A2C4-323F-8AAD-2CF67AC32F12}.Debug|x64.Build.0 = Debug|x64
		{7F1C8AA7-A2C4-323F-8AAD-2CF67AC32F12}.Release|x64.ActiveCfg = Release|x64
		{7F1C8AA7-A2C4-323F-8AAD-2CF67AC32F12}.Release|x64.Build.0 = Release|x64
		{7F1C8AA7-A2C4-323F-8AAD-2CF67AC32F12}.MinSizeRel|x64.ActiveCfg = MinSizeRel|x64
		{7F1C8AA7-A2C4-323F-8AAD-2CF67AC32F12}.MinSizeRel|x64.Build.0 = MinSizeRel|x64
		{7F1C8AA7-A2C4-323F-8AAD-2CF67AC32F12}.RelWithDebInfo|x64.ActiveCfg = RelWithDebInfo|x64
		{7F1C8AA7-A2C4-323F-8AAD-2CF67AC32F12}.RelWithDebInfo|x64.Build.0 = RelWithDebInfo|x64
		{AB259660-0442-31C9-B1BD-366D03CFABE7}.Debug|x64.ActiveCfg = Debug|x64
		{AB259660-0442-31C9-B1BD-366D03CFABE7}.Release|x64.ActiveCfg = Release|x64
		{AB259660-0442-31C9-B1BD-366D03CFABE7}.MinSizeRel|x64.ActiveCfg = MinSizeRel|x64
		{AB259660-0442-31C9-B1BD-366D03CFABE7}.RelWithDebInfo|x64.ActiveCfg = RelWithDebInfo|x64
		{5C9BBDBD-39D9-329D-B9EB-CB5A879999B5}.Debug|x64.ActiveCfg = Debug|x64
		{5C9BBDBD-39D9-329D-B9EB-CB5A879999B5}.Debug|x64.Build.0 = Debug|x64
		{5C9BBDBD-39D9-329D-B9EB-CB5A879999B5}.Release|x64.ActiveCfg = Release|x64
		{5C9BBDBD-39D9-329D-B9EB-CB5A879999B5}.Release|x64.Build.0 = Release|x64
		{5C9BBDBD-39D9-329D-B9EB-CB5A879999B5}.MinSizeRel|x64.ActiveCfg = MinSizeRel|x64
		{5C9BBDBD-39D9-329D-B9EB-CB5A879999B5}.MinSizeRel|x64.Build.0 = MinSizeRel|x64
		{5C9BBDBD-39D9-329D-B9EB-CB5A879999B5}.RelWithDebInfo|x64.ActiveCfg = RelWithDebInfo|x64
		{5C9BBDBD-39D9-329D-B9EB-CB5A879999B5}.RelWithDebInfo|x64.Build.0 = RelWithDebInfo|x64
	EndGlobalSection
	GlobalSection(ExtensibilityGlobals) = postSolution
		SolutionGuid = {41C3B1CD-9EB7-3E6A-9BAD-7701CCA878FE}
	EndGlobalSection
	GlobalSection(ExtensibilityAddIns) = postSolution
	EndGlobalSection
EndGlobal
