<?xml version="1.0" encoding="utf-8"?>
<Project ToolsVersion="17.0" xmlns="http://schemas.microsoft.com/developer/msbuild/2003">
  <ItemGroup>
    <CustomBuild Include="C:\Users\hmbja\git\Rpi-Pico-Hello-World\baremetal\led-blink\CMakeFiles\c22a988cbc3801e7ebd521d6d1f17b43\ELF2UF2Build-mkdir.rule">
      <Filter>CMake Rules</Filter>
    </CustomBuild>
    <CustomBuild Include="C:\Users\hmbja\git\Rpi-Pico-Hello-World\baremetal\led-blink\CMakeFiles\c22a988cbc3801e7ebd521d6d1f17b43\ELF2UF2Build-download.rule">
      <Filter>CMake Rules</Filter>
    </CustomBuild>
    <CustomBuild Include="C:\Users\hmbja\git\Rpi-Pico-Hello-World\baremetal\led-blink\CMakeFiles\c22a988cbc3801e7ebd521d6d1f17b43\ELF2UF2Build-update.rule">
      <Filter>CMake Rules</Filter>
    </CustomBuild>
    <CustomBuild Include="C:\Users\hmbja\git\Rpi-Pico-Hello-World\baremetal\led-blink\CMakeFiles\c22a988cbc3801e7ebd521d6d1f17b43\ELF2UF2Build-patch.rule">
      <Filter>CMake Rules</Filter>
    </CustomBuild>
    <CustomBuild Include="C:\Users\hmbja\git\Rpi-Pico-Hello-World\baremetal\led-blink\CMakeFiles\c22a988cbc3801e7ebd521d6d1f17b43\ELF2UF2Build-configure.rule">
      <Filter>CMake Rules</Filter>
    </CustomBuild>
    <CustomBuild Include="C:\Users\hmbja\git\Rpi-Pico-Hello-World\baremetal\led-blink\CMakeFiles\c22a988cbc3801e7ebd521d6d1f17b43\ELF2UF2Build-build.rule">
      <Filter>CMake Rules</Filter>
    </CustomBuild>
    <CustomBuild Include="C:\Users\hmbja\git\Rpi-Pico-Hello-World\baremetal\led-blink\CMakeFiles\c22a988cbc3801e7ebd521d6d1f17b43\ELF2UF2Build-install.rule">
      <Filter>CMake Rules</Filter>
    </CustomBuild>
    <CustomBuild Include="C:\Users\hmbja\git\Rpi-Pico-Hello-World\baremetal\led-blink\CMakeFiles\72f387f450da0a7fa33962928811023a\ELF2UF2Build-complete.rule">
      <Filter>CMake Rules</Filter>
    </CustomBuild>
    <CustomBuild Include="C:\Users\hmbja\git\Rpi-Pico-Hello-World\baremetal\led-blink\CMakeFiles\3ea629746c9802a0c6ce3149b2e91272\ELF2UF2Build.rule">
      <Filter>CMake Rules</Filter>
    </CustomBuild>
    <CustomBuild Include="C:\Users\hmbja\git\Rpi-Pico-Hello-World\baremetal\led-blink\CMakeLists.txt" />
  </ItemGroup>
  <ItemGroup>
    <None Include="C:\Users\hmbja\git\Rpi-Pico-Hello-World\baremetal\led-blink\CMakeFiles\ELF2UF2Build" />
  </ItemGroup>
  <ItemGroup>
    <Filter Include="CMake Rules">
      <UniqueIdentifier>{491E5418-811D-3C36-A5A5-F16C5954044D}</UniqueIdentifier>
    </Filter>
  </ItemGroup>
</Project>
